// !$*UTF8*$!
{
	archiveVersion = 1;
	classes = {
	};
	objectVersion = 50;
	objects = {

/* Begin PBXBuildFile section */
		717D0F4E2694923E00BD4655 /* AppDelegate.swift in Sources */ = {isa = PBXBuildFile; fileRef = 717D0F4D2694923E00BD4655 /* AppDelegate.swift */; };
		717D0F502694923E00BD4655 /* SceneDelegate.swift in Sources */ = {isa = PBXBuildFile; fileRef = 717D0F4F2694923E00BD4655 /* SceneDelegate.swift */; };
		717D0F522694923E00BD4655 /* ViewController.swift in Sources */ = {isa = PBXBuildFile; fileRef = 717D0F512694923E00BD4655 /* ViewController.swift */; };
		717D0F552694923E00BD4655 /* Main.storyboard in Resources */ = {isa = PBXBuildFile; fileRef = 717D0F532694923E00BD4655 /* Main.storyboard */; };
		717D0F572694924200BD4655 /* Assets.xcassets in Resources */ = {isa = PBXBuildFile; fileRef = 717D0F562694924200BD4655 /* Assets.xcassets */; };
		717D0F5A2694924200BD4655 /* LaunchScreen.storyboard in Resources */ = {isa = PBXBuildFile; fileRef = 717D0F582694924200BD4655 /* LaunchScreen.storyboard */; };
		717D0F6626949A3800BD4655 /* cannon.mp3 in Resources */ = {isa = PBXBuildFile; fileRef = 717D0F6326949A3800BD4655 /* cannon.mp3 */; };
		717D0F6726949A3800BD4655 /* elise.mp3 in Resources */ = {isa = PBXBuildFile; fileRef = 717D0F6426949A3800BD4655 /* elise.mp3 */; };
		717D0F6826949A3800BD4655 /* aria.mp3 in Resources */ = {isa = PBXBuildFile; fileRef = 717D0F6526949A3800BD4655 /* aria.mp3 */; };
		717D0F6D26949A3C00BD4655 /* Beethoven.jpg in Resources */ = {isa = PBXBuildFile; fileRef = 717D0F6A26949A3C00BD4655 /* Beethoven.jpg */; };
		717D0F6E26949A3C00BD4655 /* Pachelbel.jpg in Resources */ = {isa = PBXBuildFile; fileRef = 717D0F6B26949A3C00BD4655 /* Pachelbel.jpg */; };
		717D0F6F26949A3C00BD4655 /* Bach.jpg in Resources */ = {isa = PBXBuildFile; fileRef = 717D0F6C26949A3C00BD4655 /* Bach.jpg */; };
/* End PBXBuildFile section */

/* Begin PBXFileReference section */
		717D0F4A2694923E00BD4655 /* TechPod.app */ = {isa = PBXFileReference; explicitFileType = wrapper.application; includeInIndex = 0; path = TechPod.app; sourceTree = BUILT_PRODUCTS_DIR; };
		717D0F4D2694923E00BD4655 /* AppDelegate.swift */ = {isa = PBXFileReference; lastKnownFileType = sourcecode.swift; path = AppDelegate.swift; sourceTree = "<group>"; };
		717D0F4F2694923E00BD4655 /* SceneDelegate.swift */ = {isa = PBXFileReference; lastKnownFileType = sourcecode.swift; path = SceneDelegate.swift; sourceTree = "<group>"; };
		717D0F512694923E00BD4655 /* ViewController.swift */ = {isa = PBXFileReference; lastKnownFileType = sourcecode.swift; path = ViewController.swift; sourceTree = "<group>"; };
		717D0F542694923E00BD4655 /* Base */ = {isa = PBXFileReference; lastKnownFileType = file.storyboard; name = Base; path = Base.lproj/Main.storyboard; sourceTree = "<group>"; };
		717D0F562694924200BD4655 /* Assets.xcassets */ = {isa = PBXFileReference; lastKnownFileType = folder.assetcatalog; path = Assets.xcassets; sourceTree = "<group>"; };
		717D0F592694924200BD4655 /* Base */ = {isa = PBXFileReference; lastKnownFileType = file.storyboard; name = Base; path = Base.lproj/LaunchScreen.storyboard; sourceTree = "<group>"; };
		717D0F5B2694924200BD4655 /* Info.plist */ = {isa = PBXFileReference; lastKnownFileType = text.plist.xml; path = Info.plist; sourceTree = "<group>"; };
		717D0F6326949A3800BD4655 /* cannon.mp3 */ = {isa = PBXFileReference; lastKnownFileType = audio.mp3; path = cannon.mp3; sourceTree = "<group>"; };
		717D0F6426949A3800BD4655 /* elise.mp3 */ = {isa = PBXFileReference; lastKnownFileType = audio.mp3; path = elise.mp3; sourceTree = "<group>"; };
		717D0F6526949A3800BD4655 /* aria.mp3 */ = {isa = PBXFileReference; lastKnownFileType = audio.mp3; path = aria.mp3; sourceTree = "<group>"; };
		717D0F6A26949A3C00BD4655 /* Beethoven.jpg */ = {isa = PBXFileReference; lastKnownFileType = image.jpeg; path = Beethoven.jpg; sourceTree = "<group>"; };
		717D0F6B26949A3C00BD4655 /* Pachelbel.jpg */ = {isa = PBXFileReference; lastKnownFileType = image.jpeg; path = Pachelbel.jpg; sourceTree = "<group>"; };
		717D0F6C26949A3C00BD4655 /* Bach.jpg */ = {isa = PBXFileReference; lastKnownFileType = image.jpeg; path = Bach.jpg; sourceTree = "<group>"; };
/* End PBXFileReference section */

/* Begin PBXFrameworksBuildPhase section */
		717D0F472694923E00BD4655 /* Frameworks */ = {
			isa = PBXFrameworksBuildPhase;
			buildActionMask = 2147483647;
			files = (
			);
			runOnlyForDeploymentPostprocessing = 0;
		};
/* End PBXFrameworksBuildPhase section */

/* Begin PBXGroup section */
		717D0F412694923E00BD4655 = {
			isa = PBXGroup;
			children = (
				717D0F4C2694923E00BD4655 /* TechPod */,
				717D0F4B2694923E00BD4655 /* Products */,
			);
			sourceTree = "<group>";
		};
		717D0F4B2694923E00BD4655 /* Products */ = {
			isa = PBXGroup;
			children = (
				717D0F4A2694923E00BD4655 /* TechPod.app */,
			);
			name = Products;
			sourceTree = "<group>";
		};
		717D0F4C2694923E00BD4655 /* TechPod */ = {
			isa = PBXGroup;
			children = (
				717D0F4D2694923E00BD4655 /* AppDelegate.swift */,
				717D0F4F2694923E00BD4655 /* SceneDelegate.swift */,
				717D0F512694923E00BD4655 /* ViewController.swift */,
				717D0F532694923E00BD4655 /* Main.storyboard */,
				717D0F562694924200BD4655 /* Assets.xcassets */,
				717D0F6926949A3C00BD4655 /* Images */,
				717D0F582694924200BD4655 /* LaunchScreen.storyboard */,
				717D0F6226949A3800BD4655 /* Songs */,
				717D0F5B2694924200BD4655 /* Info.plist */,
			);
			path = TechPod;
			sourceTree = "<group>";
		};
		717D0F6226949A3800BD4655 /* Songs */ = {
			isa = PBXGroup;
			children = (
				717D0F6326949A3800BD4655 /* cannon.mp3 */,
				717D0F6426949A3800BD4655 /* elise.mp3 */,
				717D0F6526949A3800BD4655 /* aria.mp3 */,
			);
			path = Songs;
			sourceTree = "<group>";
		};
		717D0F6926949A3C00BD4655 /* Images */ = {
			isa = PBXGroup;
			children = (
				717D0F6A26949A3C00BD4655 /* Beethoven.jpg */,
				717D0F6B26949A3C00BD4655 /* Pachelbel.jpg */,
				717D0F6C26949A3C00BD4655 /* Bach.jpg */,
			);
			path = Images;
			sourceTree = "<group>";
		};
/* End PBXGroup section */

/* Begin PBXNativeTarget section */
		717D0F492694923E00BD4655 /* TechPod */ = {
			isa = PBXNativeTarget;
			buildConfigurationList = 717D0F5E2694924200BD4655 /* Build configuration list for PBXNativeTarget "TechPod" */;
			buildPhases = (
				717D0F462694923E00BD4655 /* Sources */,
				717D0F472694923E00BD4655 /* Frameworks */,
				717D0F482694923E00BD4655 /* Resources */,
				717D0F612694926B00BD4655 /* SwiftLint */,
			);
			buildRules = (
			);
			dependencies = (
			);
			name = TechPod;
			productName = TechPod;
			productReference = 717D0F4A2694923E00BD4655 /* TechPod.app */;
			productType = "com.apple.product-type.application";
		};
/* End PBXNativeTarget section */

/* Begin PBXProject section */
		717D0F422694923E00BD4655 /* Project object */ = {
			isa = PBXProject;
			attributes = {
				LastSwiftUpdateCheck = 1250;
				LastUpgradeCheck = 1250;
				TargetAttributes = {
					717D0F492694923E00BD4655 = {
						CreatedOnToolsVersion = 12.5.1;
					};
				};
			};
			buildConfigurationList = 717D0F452694923E00BD4655 /* Build configuration list for PBXProject "TechPod" */;
			compatibilityVersion = "Xcode 9.3";
			developmentRegion = en;
			hasScannedForEncodings = 0;
			knownRegions = (
				en,
				Base,
			);
			mainGroup = 717D0F412694923E00BD4655;
			productRefGroup = 717D0F4B2694923E00BD4655 /* Products */;
			projectDirPath = "";
			projectRoot = "";
			targets = (
				717D0F492694923E00BD4655 /* TechPod */,
			);
		};
/* End PBXProject section */

/* Begin PBXResourcesBuildPhase section */
		717D0F482694923E00BD4655 /* Resources */ = {
			isa = PBXResourcesBuildPhase;
			buildActionMask = 2147483647;
			files = (
				717D0F5A2694924200BD4655 /* LaunchScreen.storyboard in Resources */,
				717D0F6626949A3800BD4655 /* cannon.mp3 in Resources */,
				717D0F6F26949A3C00BD4655 /* Bach.jpg in Resources */,
				717D0F6726949A3800BD4655 /* elise.mp3 in Resources */,
				717D0F572694924200BD4655 /* Assets.xcassets in Resources */,
				717D0F6E26949A3C00BD4655 /* Pachelbel.jpg in Resources */,
				717D0F552694923E00BD4655 /* Main.storyboard in Resources */,
				717D0F6826949A3800BD4655 /* aria.mp3 in Resources */,
				717D0F6D26949A3C00BD4655 /* Beethoven.jpg in Resources */,
			);
			runOnlyForDeploymentPostprocessing = 0;
		};
/* End PBXResourcesBuildPhase section */

/* Begin PBXShellScriptBuildPhase section */
		717D0F612694926B00BD4655 /* SwiftLint */ = {
			isa = PBXShellScriptBuildPhase;
			buildActionMask = 2147483647;
			files = (
			);
			inputFileListPaths = (
			);
			inputPaths = (
			);
			name = SwiftLint;
			outputFileListPaths = (
			);
			outputPaths = (
			);
			runOnlyForDeploymentPostprocessing = 0;
			shellPath = /bin/sh;
			shellScript = "if which swiftlint >/dev/null; then\n  swiftlint\nelse\n  echo \"SwiftLint does not exist, download from https://github.com/realm/SwiftLint\"\nfi\n";
		};
/* End PBXShellScriptBuildPhase section */

/* Begin PBXSourcesBuildPhase section */
		717D0F462694923E00BD4655 /* Sources */ = {
			isa = PBXSourcesBuildPhase;
			buildActionMask = 2147483647;
			files = (
				717D0F522694923E00BD4655 /* ViewController.swift in Sources */,
				717D0F4E2694923E00BD4655 /* AppDelegate.swift in Sources */,
				717D0F502694923E00BD4655 /* SceneDelegate.swift in Sources */,
			);
			runOnlyForDeploymentPostprocessing = 0;
		};
/* End PBXSourcesBuildPhase section */

/* Begin PBXVariantGroup section */
		717D0F532694923E00BD4655 /* Main.storyboard */ = {
			isa = PBXVariantGroup;
			children = (
				717D0F542694923E00BD4655 /* Base */,
			);
			name = Main.storyboard;
			sourceTree = "<group>";
		};
		717D0F582694924200BD4655 /* LaunchScreen.storyboard */ = {
			isa = PBXVariantGroup;
			children = (
				717D0F592694924200BD4655 /* Base */,
			);
			name = LaunchScreen.storyboard;
			sourceTree = "<group>";
		};
/* End PBXVariantGroup section */

/* Begin XCBuildConfiguration section */
		717D0F5C2694924200BD4655 /* Debug */ = {
			isa = XCBuildConfiguration;
			buildSettings = {
				ALWAYS_SEARCH_USER_PATHS = NO;
				CLANG_ANALYZER_NONNULL = YES;
				CLANG_ANALYZER_NUMBER_OBJECT_CONVERSION = YES_AGGRESSIVE;
				CLANG_CXX_LANGUAGE_STANDARD = "gnu++14";
				CLANG_CXX_LIBRARY = "libc++";
				CLANG_ENABLE_MODULES = YES;
				CLANG_ENABLE_OBJC_ARC = YES;
				CLANG_ENABLE_OBJC_WEAK = YES;
				CLANG_WARN_BLOCK_CAPTURE_AUTORELEASING = YES;
				CLANG_WARN_BOOL_CONVERSION = YES;
				CLANG_WARN_COMMA = YES;
				CLANG_WARN_CONSTANT_CONVERSION = YES;
				CLANG_WARN_DEPRECATED_OBJC_IMPLEMENTATIONS = YES;
				CLANG_WARN_DIRECT_OBJC_ISA_USAGE = YES_ERROR;
				CLANG_WARN_DOCUMENTATION_COMMENTS = YES;
				CLANG_WARN_EMPTY_BODY = YES;
				CLANG_WARN_ENUM_CONVERSION = YES;
				CLANG_WARN_INFINITE_RECURSION = YES;
				CLANG_WARN_INT_CONVERSION = YES;
				CLANG_WARN_NON_LITERAL_NULL_CONVERSION = YES;
				CLANG_WARN_OBJC_IMPLICIT_RETAIN_SELF = YES;
				CLANG_WARN_OBJC_LITERAL_CONVERSION = YES;
				CLANG_WARN_OBJC_ROOT_CLASS = YES_ERROR;
				CLANG_WARN_QUOTED_INCLUDE_IN_FRAMEWORK_HEADER = YES;
				CLANG_WARN_RANGE_LOOP_ANALYSIS = YES;
				CLANG_WARN_STRICT_PROTOTYPES = YES;
				CLANG_WARN_SUSPICIOUS_MOVE = YES;
				CLANG_WARN_UNGUARDED_AVAILABILITY = YES_AGGRESSIVE;
				CLANG_WARN_UNREACHABLE_CODE = YES;
				CLANG_WARN__DUPLICATE_METHOD_MATCH = YES;
				COPY_PHASE_STRIP = NO;
				DEBUG_INFORMATION_FORMAT = dwarf;
				ENABLE_STRICT_OBJC_MSGSEND = YES;
				ENABLE_TESTABILITY = YES;
				GCC_C_LANGUAGE_STANDARD = gnu11;
				GCC_DYNAMIC_NO_PIC = NO;
				GCC_NO_COMMON_BLOCKS = YES;
				GCC_OPTIMIZATION_LEVEL = 0;
				GCC_PREPROCESSOR_DEFINITIONS = (
					"DEBUG=1",
					"$(inherited)",
				);
				GCC_WARN_64_TO_32_BIT_CONVERSION = YES;
				GCC_WARN_ABOUT_RETURN_TYPE = YES_ERROR;
				GCC_WARN_UNDECLARED_SELECTOR = YES;
				GCC_WARN_UNINITIALIZED_AUTOS = YES_AGGRESSIVE;
				GCC_WARN_UNUSED_FUNCTION = YES;
				GCC_WARN_UNUSED_VARIABLE = YES;
				IPHONEOS_DEPLOYMENT_TARGET = 14.5;
				MTL_ENABLE_DEBUG_INFO = INCLUDE_SOURCE;
				MTL_FAST_MATH = YES;
				ONLY_ACTIVE_ARCH = YES;
				SDKROOT = iphoneos;
				SWIFT_ACTIVE_COMPILATION_CONDITIONS = DEBUG;
				SWIFT_OPTIMIZATION_LEVEL = "-Onone";
			};
			name = Debug;
		};
		717D0F5D2694924200BD4655 /* Release */ = {
			isa = XCBuildConfiguration;
			buildSettings = {
				ALWAYS_SEARCH_USER_PATHS = NO;
				CLANG_ANALYZER_NONNULL = YES;
				CLANG_ANALYZER_NUMBER_OBJECT_CONVERSION = YES_AGGRESSIVE;
				CLANG_CXX_LANGUAGE_STANDARD = "gnu++14";
				CLANG_CXX_LIBRARY = "libc++";
				CLANG_ENABLE_MODULES = YES;
				CLANG_ENABLE_OBJC_ARC = YES;
				CLANG_ENABLE_OBJC_WEAK = YES;
				CLANG_WARN_BLOCK_CAPTURE_AUTORELEASING = YES;
				CLANG_WARN_BOOL_CONVERSION = YES;
				CLANG_WARN_COMMA = YES;
				CLANG_WARN_CONSTANT_CONVERSION = YES;
				CLANG_WARN_DEPRECATED_OBJC_IMPLEMENTATIONS = YES;
				CLANG_WARN_DIRECT_OBJC_ISA_USAGE = YES_ERROR;
				CLANG_WARN_DOCUMENTATION_COMMENTS = YES;
				CLANG_WARN_EMPTY_BODY = YES;
				CLANG_WARN_ENUM_CONVERSION = YES;
				CLANG_WARN_INFINITE_RECURSION = YES;
				CLANG_WARN_INT_CONVERSION = YES;
				CLANG_WARN_NON_LITERAL_NULL_CONVERSION = YES;
				CLANG_WARN_OBJC_IMPLICIT_RETAIN_SELF = YES;
				CLANG_WARN_OBJC_LITERAL_CONVERSION = YES;
				CLANG_WARN_OBJC_ROOT_CLASS = YES_ERROR;
				CLANG_WARN_QUOTED_INCLUDE_IN_FRAMEWORK_HEADER = YES;
				CLANG_WARN_RANGE_LOOP_ANALYSIS = YES;
				CLANG_WARN_STRICT_PROTOTYPES = YES;
				CLANG_WARN_SUSPICIOUS_MOVE = YES;
				CLANG_WARN_UNGUARDED_AVAILABILITY = YES_AGGRESSIVE;
				CLANG_WARN_UNREACHABLE_CODE = YES;
				CLANG_WARN__DUPLICATE_METHOD_MATCH = YES;
				COPY_PHASE_STRIP = NO;
				DEBUG_INFORMATION_FORMAT = "dwarf-with-dsym";
				ENABLE_NS_ASSERTIONS = NO;
				ENABLE_STRICT_OBJC_MSGSEND = YES;
				GCC_C_LANGUAGE_STANDARD = gnu11;
				GCC_NO_COMMON_BLOCKS = YES;
				GCC_WARN_64_TO_32_BIT_CONVERSION = YES;
				GCC_WARN_ABOUT_RETURN_TYPE = YES_ERROR;
				GCC_WARN_UNDECLARED_SELECTOR = YES;
				GCC_WARN_UNINITIALIZED_AUTOS = YES_AGGRESSIVE;
				GCC_WARN_UNUSED_FUNCTION = YES;
				GCC_WARN_UNUSED_VARIABLE = YES;
				IPHONEOS_DEPLOYMENT_TARGET = 14.5;
				MTL_ENABLE_DEBUG_INFO = NO;
				MTL_FAST_MATH = YES;
				SDKROOT = iphoneos;
				SWIFT_COMPILATION_MODE = wholemodule;
				SWIFT_OPTIMIZATION_LEVEL = "-O";
				VALIDATE_PRODUCT = YES;
			};
			name = Release;
		};
		717D0F5F2694924200BD4655 /* Debug */ = {
			isa = XCBuildConfiguration;
			buildSettings = {
				ASSETCATALOG_COMPILER_APPICON_NAME = AppIcon;
				ASSETCATALOG_COMPILER_GLOBAL_ACCENT_COLOR_NAME = AccentColor;
				CODE_SIGN_STYLE = Automatic;
				INFOPLIST_FILE = TechPod/Info.plist;
				LD_RUNPATH_SEARCH_PATHS = (
					"$(inherited)",
					"@executable_path/Frameworks",
				);
				PRODUCT_BUNDLE_IDENTIFIER = com.litech.TechPod;
				PRODUCT_NAME = "$(TARGET_NAME)";
				SWIFT_VERSION = 5.0;
				TARGETED_DEVICE_FAMILY = "1,2";
			};
			name = Debug;
		};
		717D0F602694924200BD4655 /* Release */ = {
			isa = XCBuildConfiguration;
			buildSettings = {
				ASSETCATALOG_COMPILER_APPICON_NAME = AppIcon;
				ASSETCATALOG_COMPILER_GLOBAL_ACCENT_COLOR_NAME = AccentColor;
				CODE_SIGN_STYLE = Automatic;
				INFOPLIST_FILE = TechPod/Info.plist;
				LD_RUNPATH_SEARCH_PATHS = (
					"$(inherited)",
					"@executable_path/Frameworks",
				);
				PRODUCT_BUNDLE_IDENTIFIER = com.litech.TechPod;
				PRODUCT_NAME = "$(TARGET_NAME)";
				SWIFT_VERSION = 5.0;
				TARGETED_DEVICE_FAMILY = "1,2";
			};
			name = Release;
		};
/* End XCBuildConfiguration section */

/* Begin XCConfigurationList section */
		717D0F452694923E00BD4655 /* Build configuration list for PBXProject "TechPod" */ = {
			isa = XCConfigurationList;
			buildConfigurations = (
				717D0F5C2694924200BD4655 /* Debug */,
				717D0F5D2694924200BD4655 /* Release */,
			);
			defaultConfigurationIsVisible = 0;
			defaultConfigurationName = Release;
		};
		717D0F5E2694924200BD4655 /* Build configuration list for PBXNativeTarget "TechPod" */ = {
			isa = XCConfigurationList;
			buildConfigurations = (
				717D0F5F2694924200BD4655 /* Debug */,
				717D0F602694924200BD4655 /* Release */,
			);
			defaultConfigurationIsVisible = 0;
			defaultConfigurationName = Release;
		};
/* End XCConfigurationList section */
	};
	rootObject = 717D0F422694923E00BD4655 /* Project object */;
}
